
Microsoft Visual Studio Solution File, Format Version 12.00
# Visual Studio Version 17
VisualStudioVersion = 17.10.34607.79
MinimumVisualStudioVersion = 10.0.40219.1
Project("{FAE04EC0-301F-11D3-BF4B-00C04F79EFBC}") = "Write text", "Write text.csproj", "{5EBFF613-1584-4C6B-99A7-AE9B936CAAC1}"
EndProject
Global
	GlobalSection(SolutionConfigurationPlatforms) = preSolution
		Debug|Any CPU = Debug|Any CPU
		Release|Any CPU = Release|Any CPU
	EndGlobalSection
	GlobalSection(ProjectConfigurationPlatforms) = postSolution
		{5EBFF613-1584-4C6B-99A7-AE9B936CAAC1}.Debug|Any CPU.ActiveCfg = Debug|Any CPU
		{5EBFF613-1584-4C6B-99A7-AE9B936CAAC1}.Debug|Any CPU.Build.0 = Debug|Any CPU
		{5EBFF613-1584-4C6B-99A7-AE9B936CAAC1}.Release|Any CPU.ActiveCfg = Release|Any CPU
		{5EBFF613-1584-4C6B-99A7-AE9B936CAAC1}.Release|Any CPU.Build.0 = Release|Any CPU
	EndGlobalSection
	GlobalSection(SolutionProperties) = preSolution
		HideSolutionNode = FALSE
	EndGlobalSection
	GlobalSection(ExtensibilityGlobals) = postSolution
		SolutionGuid = {D73D4A50-8248-49C7-984F-CFBC25FABEA5}
	EndGlobalSection
EndGlobal
