
Microsoft Visual Studio Solution File, Format Version 12.00
# Visual Studio Version 17
VisualStudioVersion = 17.9.34518.117
MinimumVisualStudioVersion = 10.0.40219.1
Project("{FAE04EC0-301F-11D3-BF4B-00C04F79EFBC}") = "range_indices", "range_indices.csproj", "{CBA6BF4B-AFCC-4452-8F8F-DD35E9D18414}"
EndProject
Global
	GlobalSection(SolutionConfigurationPlatforms) = preSolution
		Debug|Any CPU = Debug|Any CPU
		Release|Any CPU = Release|Any CPU
	EndGlobalSection
	GlobalSection(ProjectConfigurationPlatforms) = postSolution
		{CBA6BF4B-AFCC-4452-8F8F-DD35E9D18414}.Debug|Any CPU.ActiveCfg = Debug|Any CPU
		{CBA6BF4B-AFCC-4452-8F8F-DD35E9D18414}.Debug|Any CPU.Build.0 = Debug|Any CPU
		{CBA6BF4B-AFCC-4452-8F8F-DD35E9D18414}.Release|Any CPU.ActiveCfg = Release|Any CPU
		{CBA6BF4B-AFCC-4452-8F8F-DD35E9D18414}.Release|Any CPU.Build.0 = Release|Any CPU
	EndGlobalSection
	GlobalSection(SolutionProperties) = preSolution
		HideSolutionNode = FALSE
	EndGlobalSection
	GlobalSection(ExtensibilityGlobals) = postSolution
		SolutionGuid = {FAF3DC29-4B81-46C6-BE17-6B63F3AB0FB5}
	EndGlobalSection
EndGlobal
