
Microsoft Visual Studio Solution File, Format Version 12.00
# Visual Studio Version 17
VisualStudioVersion = 17.9.34518.117
MinimumVisualStudioVersion = 10.0.40219.1
Project("{FAE04EC0-301F-11D3-BF4B-00C04F79EFBC}") = "tuple", "tuple.csproj", "{0AFC99AD-A58C-4CB1-A3A1-9EF40C44664D}"
EndProject
Global
	GlobalSection(SolutionConfigurationPlatforms) = preSolution
		Debug|Any CPU = Debug|Any CPU
		Release|Any CPU = Release|Any CPU
	EndGlobalSection
	GlobalSection(ProjectConfigurationPlatforms) = postSolution
		{0AFC99AD-A58C-4CB1-A3A1-9EF40C44664D}.Debug|Any CPU.ActiveCfg = Debug|Any CPU
		{0AFC99AD-A58C-4CB1-A3A1-9EF40C44664D}.Debug|Any CPU.Build.0 = Debug|Any CPU
		{0AFC99AD-A58C-4CB1-A3A1-9EF40C44664D}.Release|Any CPU.ActiveCfg = Release|Any CPU
		{0AFC99AD-A58C-4CB1-A3A1-9EF40C44664D}.Release|Any CPU.Build.0 = Release|Any CPU
	EndGlobalSection
	GlobalSection(SolutionProperties) = preSolution
		HideSolutionNode = FALSE
	EndGlobalSection
	GlobalSection(ExtensibilityGlobals) = postSolution
		SolutionGuid = {B902A7D3-D179-4D7D-ADE2-18DD9C4CE85D}
	EndGlobalSection
EndGlobal
