
Microsoft Visual Studio Solution File, Format Version 12.00
# Visual Studio Version 17
VisualStudioVersion = 17.9.34518.117
MinimumVisualStudioVersion = 10.0.40219.1
Project("{FAE04EC0-301F-11D3-BF4B-00C04F79EFBC}") = "switch 8.0", "switch 8.0.csproj", "{D071E38F-941A-497C-AB3F-2624FB0D3EFB}"
EndProject
Global
	GlobalSection(SolutionConfigurationPlatforms) = preSolution
		Debug|Any CPU = Debug|Any CPU
		Release|Any CPU = Release|Any CPU
	EndGlobalSection
	GlobalSection(ProjectConfigurationPlatforms) = postSolution
		{D071E38F-941A-497C-AB3F-2624FB0D3EFB}.Debug|Any CPU.ActiveCfg = Debug|Any CPU
		{D071E38F-941A-497C-AB3F-2624FB0D3EFB}.Debug|Any CPU.Build.0 = Debug|Any CPU
		{D071E38F-941A-497C-AB3F-2624FB0D3EFB}.Release|Any CPU.ActiveCfg = Release|Any CPU
		{D071E38F-941A-497C-AB3F-2624FB0D3EFB}.Release|Any CPU.Build.0 = Release|Any CPU
	EndGlobalSection
	GlobalSection(SolutionProperties) = preSolution
		HideSolutionNode = FALSE
	EndGlobalSection
	GlobalSection(ExtensibilityGlobals) = postSolution
		SolutionGuid = {9AB6F267-BBB3-4C94-BBF4-A9220CB18D2A}
	EndGlobalSection
EndGlobal
