
Microsoft Visual Studio Solution File, Format Version 12.00
# Visual Studio Version 17
VisualStudioVersion = 17.9.34518.117
MinimumVisualStudioVersion = 10.0.40219.1
Project("{FAE04EC0-301F-11D3-BF4B-00C04F79EFBC}") = "switch_when", "switch_when.csproj", "{6654E24A-525F-4D05-981A-563A1F6D1C8A}"
EndProject
Global
	GlobalSection(SolutionConfigurationPlatforms) = preSolution
		Debug|Any CPU = Debug|Any CPU
		Release|Any CPU = Release|Any CPU
	EndGlobalSection
	GlobalSection(ProjectConfigurationPlatforms) = postSolution
		{6654E24A-525F-4D05-981A-563A1F6D1C8A}.Debug|Any CPU.ActiveCfg = Debug|Any CPU
		{6654E24A-525F-4D05-981A-563A1F6D1C8A}.Debug|Any CPU.Build.0 = Debug|Any CPU
		{6654E24A-525F-4D05-981A-563A1F6D1C8A}.Release|Any CPU.ActiveCfg = Release|Any CPU
		{6654E24A-525F-4D05-981A-563A1F6D1C8A}.Release|Any CPU.Build.0 = Release|Any CPU
	EndGlobalSection
	GlobalSection(SolutionProperties) = preSolution
		HideSolutionNode = FALSE
	EndGlobalSection
	GlobalSection(ExtensibilityGlobals) = postSolution
		SolutionGuid = {9F67FAE9-CA35-4BF1-A9B2-B2AD58A5E168}
	EndGlobalSection
EndGlobal
